{
  "name": "bitmapconverter",
  "version": "0.0.1",
  "lockfileVersion": 1,
  "requires": true,
  "dependencies": {
    "@types/jquery": {
      "version": "3.5.0",
      "resolved": "https://registry.npmjs.org/@types/jquery/-/jquery-3.5.0.tgz",
      "integrity": "sha512-C7qQUjpMWDUNYQRTXsP5nbYYwCwwgy84yPgoTT7fPN69NH92wLeCtFaMsWeolJD1AF/6uQw3pYt62rzv83sMmw==",
      "requires": {
        "@types/sizzle": "*"
      }
    },
    "@types/sizzle": {
      "version": "2.3.2",
      "resolved": "https://registry.npmjs.org/@types/sizzle/-/sizzle-2.3.2.tgz",
      "integrity": "sha512-7EJYyKTL7tFR8+gDbB6Wwz/arpGa0Mywk1TJbNzKzHtzbwVmY4HR9WqS5VV7dsBUKQmPNr192jHr/VpBluj/hg=="
    },
    "bootstrap": {
      "version": "4.5.0",
      "resolved": "https://registry.npmjs.org/bootstrap/-/bootstrap-4.5.0.tgz",
      "integrity": "sha512-Z93QoXvodoVslA+PWNdk23Hze4RBYIkpb5h8I2HY2Tu2h7A0LpAgLcyrhrSUyo2/Oxm2l1fRZPs1e5hnxnliXA=="
    },
    "bootstrap-slider": {
      "version": "11.0.2",
      "resolved": "https://registry.npmjs.org/bootstrap-slider/-/bootstrap-slider-11.0.2.tgz",
      "integrity": "sha512-CdwS+Z6X79OkLes9RfDgPB9UIY/+81wTkm6ktdSB6hdyiRbjJLFQIjZdnEr55tDyXZfgC7U6yeSXkNN9ZdGqjA=="
    },
    "cropper": {
      "version": "4.1.0",
      "resolved": "https://registry.npmjs.org/cropper/-/cropper-4.1.0.tgz",
      "integrity": "sha512-dNbkWNT606oMgRQ2aYMerDnPpSVLBMTWyERDHsDwih1ahJiVpyfSM9ev/n6G4ElfRG8t0shUZ5FXLg7YtmDdBQ==",
      "requires": {
        "cropperjs": "^1.5.6"
      }
    },
    "cropperjs": {
      "version": "1.5.7",
      "resolved": "https://registry.npmjs.org/cropperjs/-/cropperjs-1.5.7.tgz",
      "integrity": "sha512-sGj+G/ofKh+f6A4BtXLJwtcKJgMUsXYVUubfTo9grERiDGXncttefmue/fyQFvn8wfdyoD1KhDRYLfjkJFl0yw=="
    },
    "font-awesome": {
      "version": "4.7.0",
      "resolved": "https://registry.npmjs.org/font-awesome/-/font-awesome-4.7.0.tgz",
      "integrity": "sha1-j6jPBBGhoxr9B7BtKQK7n8gVoTM="
    },
    "glur": {
      "version": "1.1.2",
      "resolved": "https://registry.npmjs.org/glur/-/glur-1.1.2.tgz",
      "integrity": "sha1-8g6jbbEDv8KSNDkh8fkeg8NGdok="
    },
    "inherits": {
      "version": "2.0.4",
      "resolved": "https://registry.npmjs.org/inherits/-/inherits-2.0.4.tgz",
      "integrity": "sha512-k/vGaX4/Yla3WzyMCvTQOXYeIHvqOKtnqBduzTHpzpQZzAskKMhZ2K+EnBiSM9zGSoIFeMpXKxa4dYeZIQqewQ=="
    },
    "jquery": {
      "version": "3.5.0",
      "resolved": "https://registry.npmjs.org/jquery/-/jquery-3.5.0.tgz",
      "integrity": "sha512-Xb7SVYMvygPxbFMpTFQiHh1J7HClEaThguL15N/Gg37Lri/qKyhRGZYzHRyLH8Stq3Aow0LsHO2O2ci86fCrNQ=="
    },
    "multimath": {
      "version": "2.0.0",
      "resolved": "https://registry.npmjs.org/multimath/-/multimath-2.0.0.tgz",
      "integrity": "sha512-toRx66cAMJ+Ccz7pMIg38xSIrtnbozk0dchXezwQDMgQmbGpfxjtv68H+L00iFL8hxDaVjrmwAFSb3I6bg8Q2g==",
      "requires": {
        "glur": "^1.1.2",
        "object-assign": "^4.1.1"
      }
    },
    "object-assign": {
      "version": "4.1.1",
      "resolved": "https://registry.npmjs.org/object-assign/-/object-assign-4.1.1.tgz",
      "integrity": "sha1-IQmtx5ZYh8/AXLvUQsrIv7s2CGM="
    },
    "pica": {
      "version": "5.3.0",
      "resolved": "https://registry.npmjs.org/pica/-/pica-5.3.0.tgz",
      "integrity": "sha512-kuHSj8OEgEiqKdfMKGrzZZb7IPWj1XeQpuvTQ+HGKRGxvFK9wIRPpWhOlq6S0BnDD3+4AQN5BoKwkvxAZWhUEg==",
      "requires": {
        "inherits": "^2.0.3",
        "multimath": "^2.0.0",
        "object-assign": "^4.1.1",
        "webworkify": "^1.5.0"
      }
    },
    "rgbquant": {
      "version": "1.1.2",
      "resolved": "https://registry.npmjs.org/rgbquant/-/rgbquant-1.1.2.tgz",
      "integrity": "sha1-2V6Imo/LHmwaT6LMyL46QaL80YU="
    },
    "typescript": {
      "version": "3.9.5",
      "resolved": "https://registry.npmjs.org/typescript/-/typescript-3.9.5.tgz",
      "integrity": "sha512-hSAifV3k+i6lEoCJ2k6R2Z/rp/H3+8sdmcn5NrS3/3kE7+RyZXm9aqvxWqjEXHAd8b0pShatpcdMTvEdvAJltQ==",
      "dev": true
    },
    "webworkify": {
      "version": "1.5.0",
      "resolved": "https://registry.npmjs.org/webworkify/-/webworkify-1.5.0.tgz",
      "integrity": "sha512-AMcUeyXAhbACL8S2hqqdqOLqvJ8ylmIbNwUIqQujRSouf4+eUFaXbG6F1Rbu+srlJMmxQWsiU7mOJi0nMBfM1g=="
    }
  }
}
